
Microsoft Visual Studio Solution File, Format Version 12.00
# Visual Studio 14
VisualStudioVersion = 14.0.25123.0
MinimumVisualStudioVersion = 10.0.40219.1
Project("{FAE04EC0-301F-11D3-BF4B-00C04F79EFBC}") = "Operation6", "Operation6\Operation6.csproj", "{72C1B473-5408-43CC-86FD-2581D8EBB2EC}"
EndProject
Global
	GlobalSection(SolutionConfigurationPlatforms) = preSolution
		Debug|Any CPU = Debug|Any CPU
		Release|Any CPU = Release|Any CPU
	EndGlobalSection
	GlobalSection(ProjectConfigurationPlatforms) = postSolution
		{72C1B473-5408-43CC-86FD-2581D8EBB2EC}.Debug|Any CPU.ActiveCfg = Debug|Any CPU
		{72C1B473-5408-43CC-86FD-2581D8EBB2EC}.Debug|Any CPU.Build.0 = Debug|Any CPU
		{72C1B473-5408-43CC-86FD-2581D8EBB2EC}.Release|Any CPU.ActiveCfg = Release|Any CPU
		{72C1B473-5408-43CC-86FD-2581D8EBB2EC}.Release|Any CPU.Build.0 = Release|Any CPU
	EndGlobalSection
	GlobalSection(SolutionProperties) = preSolution
		HideSolutionNode = FALSE
	EndGlobalSection
EndGlobal
